
Microsoft Visual Studio Solution File, Format Version 12.00
# Visual Studio Version 17
VisualStudioVersion = 17.8.34511.84
MinimumVisualStudioVersion = 10.0.40219.1
Project("{9A19103F-16F7-4668-BE54-9A1E7A4F7556}") = "Poc.TextProcessor.IntegrityAssurance.Core", "Poc.TextProcessor.IntegrityAssurance\Poc.TextProcessor.IntegrityAssurance.Core\Poc.TextProcessor.IntegrityAssurance.Core.csproj", "{D3E39141-FB5F-48AC-95F0-135276DACFD5}"
EndProject
Project("{9A19103F-16F7-4668-BE54-9A1E7A4F7556}") = "Poc.TextProcessor.IntegrityAssurance.Runner", "Poc.TextProcessor.IntegrityAssurance\Poc.TextProcessor.IntegrityAssurance.Runner\Poc.TextProcessor.IntegrityAssurance.Runner.csproj", "{0045D0D7-3BED-4E67-B21D-2F610FDE09F1}"
EndProject
Project("{9A19103F-16F7-4668-BE54-9A1E7A4F7556}") = "Poc.TextProcessor.IntegrityAssurance.Tests", "Poc.TextProcessor.IntegrityAssurance\Poc.TextProcessor.IntegrityAssurance.Tests\Poc.TextProcessor.IntegrityAssurance.Tests.csproj", "{DDDDB4E2-4A7A-4326-BA34-26A387E5CC4D}"
EndProject
Global
	GlobalSection(SolutionConfigurationPlatforms) = preSolution
		Debug|Any CPU = Debug|Any CPU
		Release|Any CPU = Release|Any CPU
	EndGlobalSection
	GlobalSection(ProjectConfigurationPlatforms) = postSolution
		{D3E39141-FB5F-48AC-95F0-135276DACFD5}.Debug|Any CPU.ActiveCfg = Debug|Any CPU
		{D3E39141-FB5F-48AC-95F0-135276DACFD5}.Debug|Any CPU.Build.0 = Debug|Any CPU
		{D3E39141-FB5F-48AC-95F0-135276DACFD5}.Release|Any CPU.ActiveCfg = Release|Any CPU
		{D3E39141-FB5F-48AC-95F0-135276DACFD5}.Release|Any CPU.Build.0 = Release|Any CPU
		{0045D0D7-3BED-4E67-B21D-2F610FDE09F1}.Debug|Any CPU.ActiveCfg = Debug|Any CPU
		{0045D0D7-3BED-4E67-B21D-2F610FDE09F1}.Debug|Any CPU.Build.0 = Debug|Any CPU
		{0045D0D7-3BED-4E67-B21D-2F610FDE09F1}.Release|Any CPU.ActiveCfg = Release|Any CPU
		{0045D0D7-3BED-4E67-B21D-2F610FDE09F1}.Release|Any CPU.Build.0 = Release|Any CPU
		{DDDDB4E2-4A7A-4326-BA34-26A387E5CC4D}.Debug|Any CPU.ActiveCfg = Debug|Any CPU
		{DDDDB4E2-4A7A-4326-BA34-26A387E5CC4D}.Debug|Any CPU.Build.0 = Debug|Any CPU
		{DDDDB4E2-4A7A-4326-BA34-26A387E5CC4D}.Release|Any CPU.ActiveCfg = Release|Any CPU
		{DDDDB4E2-4A7A-4326-BA34-26A387E5CC4D}.Release|Any CPU.Build.0 = Release|Any CPU
	EndGlobalSection
	GlobalSection(SolutionProperties) = preSolution
		HideSolutionNode = FALSE
	EndGlobalSection
	GlobalSection(ExtensibilityGlobals) = postSolution
		SolutionGuid = {78996A2A-9343-4F4A-B62F-89797663CE0D}
	EndGlobalSection
EndGlobal
