
Microsoft Visual Studio Solution File, Format Version 12.00
# Visual Studio Version 17
VisualStudioVersion = 17.8.34322.80
MinimumVisualStudioVersion = 10.0.40219.1
Project("{9A19103F-16F7-4668-BE54-9A1E7A4F7556}") = "Poc.TextProcessor.Presentation.RestApi", "Poc.TextProcessor.Presentation.RestApi\Poc.TextProcessor.Presentation.RestApi.csproj", "{FB4EE79E-C7C8-4372-9D38-DD7E47D8C291}"
EndProject
Project("{9A19103F-16F7-4668-BE54-9A1E7A4F7556}") = "Poc.TextProcessor.ResourceAccess.Contracts", "Poc.TextProcessor.ResourceAccess.Contracts\Poc.TextProcessor.ResourceAccess.Contracts.csproj", "{EF849E20-8B99-4C21-8519-4620D2CC8903}"
EndProject
Project("{9A19103F-16F7-4668-BE54-9A1E7A4F7556}") = "Poc.TextProcessor.Business.Logic", "Poc.TextProcessor.Business.Logic\Poc.TextProcessor.Business.Logic.csproj", "{06A46EF7-E99F-4802-8D25-7F631B14E099}"
EndProject
Project("{9A19103F-16F7-4668-BE54-9A1E7A4F7556}") = "Poc.TextProcessor.Business.Logic.Abstractions", "Poc.TextProcessor.Business.Logic.Abstractions\Poc.TextProcessor.Business.Logic.Abstractions.csproj", "{6F3A21C6-A6CF-442E-90D7-832AD17C9717}"
EndProject
Project("{9A19103F-16F7-4668-BE54-9A1E7A4F7556}") = "Poc.TextProcessor.Business.Logic.Tests", "Poc.TextProcessor.Business.Logic.Tests\Poc.TextProcessor.Business.Logic.Tests.csproj", "{13C250FF-456D-41FC-9E95-8EAB74B4C552}"
EndProject
Project("{9A19103F-16F7-4668-BE54-9A1E7A4F7556}") = "Poc.TextProcessor.ResourceAccess.Mappers", "Poc.TextProcessor.ResourceAccess.Mappers\Poc.TextProcessor.ResourceAccess.Mappers.csproj", "{1D0FCDC6-5653-49BC-95F3-B06E1FAFB225}"
EndProject
Project("{9A19103F-16F7-4668-BE54-9A1E7A4F7556}") = "Poc.TextProcessor.ResourceAccess.Domains", "Poc.TextProcessor.ResourceAccess.Domains\Poc.TextProcessor.ResourceAccess.Domains.csproj", "{2DEE00A2-B700-4540-B04C-436891E546BA}"
EndProject
Project("{9A19103F-16F7-4668-BE54-9A1E7A4F7556}") = "Poc.TextProcessor.ResourceAccess.Database", "Poc.TextProcessor.ResourceAccess.Database\Poc.TextProcessor.ResourceAccess.Database.csproj", "{B0886F4A-FADB-40BC-B4D1-B69040ED4F9C}"
EndProject
Project("{9A19103F-16F7-4668-BE54-9A1E7A4F7556}") = "Poc.TextProcessor.CrossCutting.Exceptions", "Poc.TextProcessor.CrossCutting.Exceptions\Poc.TextProcessor.CrossCutting.Exceptions.csproj", "{B98DA1BA-1D5D-4C4B-87B7-C909377778E8}"
EndProject
Project("{9A19103F-16F7-4668-BE54-9A1E7A4F7556}") = "Poc.TextProcessor.CrossCutting.Globalization", "Poc.TextProcessor.CrossCutting.Globalization\Poc.TextProcessor.CrossCutting.Globalization.csproj", "{8DB81018-2F3B-48CD-8021-44B10EB81ABF}"
EndProject
Project("{9A19103F-16F7-4668-BE54-9A1E7A4F7556}") = "Poc.TextProcessor.CrossCutting.Utils", "Poc.TextProcessor.CrossCutting.Utils\Poc.TextProcessor.CrossCutting.Utils.csproj", "{99EBB0AC-A45E-4699-AD11-EDBF71A1C1C5}"
EndProject
Project("{9A19103F-16F7-4668-BE54-9A1E7A4F7556}") = "Poc.TextProcessor.Presentation.Desktop", "Poc.TextProcessor.Presentation.Desktop\Poc.TextProcessor.Presentation.Desktop.csproj", "{255AABA0-737C-4BA6-87CC-6B20D3EB09EC}"
EndProject
Project("{2150E333-8FDC-42A3-9474-1A3956D46DE8}") = "Business", "Business", "{100959D1-B919-4CD9-9C0F-35F1A03C0CE1}"
EndProject
Project("{2150E333-8FDC-42A3-9474-1A3956D46DE8}") = "CrossCutting", "CrossCutting", "{880228AF-746C-4478-B720-16DD5209FD08}"
EndProject
Project("{2150E333-8FDC-42A3-9474-1A3956D46DE8}") = "EntryPoints", "EntryPoints", "{3A72384A-B1B1-4558-9551-3EB30BADB2A8}"
EndProject
Project("{2150E333-8FDC-42A3-9474-1A3956D46DE8}") = "Services", "Services", "{28485212-8909-46BB-80E8-466679C44883}"
EndProject
Project("{2150E333-8FDC-42A3-9474-1A3956D46DE8}") = "ResourceAccess", "ResourceAccess", "{528E1E2F-FA47-43FE-9BF6-F36E21DA08D2}"
EndProject
Project("{9A19103F-16F7-4668-BE54-9A1E7A4F7556}") = "Poc.TextProcessor.Services", "Poc.TextProcessor.Services\Poc.TextProcessor.Services.csproj", "{1E57EB96-688E-4A96-ADF8-D1C2E4E45DDA}"
EndProject
Project("{9A19103F-16F7-4668-BE54-9A1E7A4F7556}") = "Poc.TextProcessor.Services.Abstractions", "Poc.TextProcessor.Services.Abstractions\Poc.TextProcessor.Services.Abstractions.csproj", "{02DF0C13-549A-43D6-ACAD-E02CF6E0B074}"
EndProject
Project("{9A19103F-16F7-4668-BE54-9A1E7A4F7556}") = "Poc.TextProcessor.ResourceAccess.Repositories.Abstractions", "Poc.TextProcessor.ResourceAccess.Repositories.Abstractions\Poc.TextProcessor.ResourceAccess.Repositories.Abstractions.csproj", "{C87E1D23-6AC2-4B0B-A3FE-1FA7CD4F79FB}"
EndProject
Project("{9A19103F-16F7-4668-BE54-9A1E7A4F7556}") = "Poc.TextProcessor.ResourceAccess.Repositories", "Poc.TextProcessor.ResourceAccess.Repositories\Poc.TextProcessor.ResourceAccess.Repositories.csproj", "{26D4472E-5642-42E0-8C23-FC4FF3A7C23B}"
EndProject
Project("{9A19103F-16F7-4668-BE54-9A1E7A4F7556}") = "Poc.TextProcessor.CrossCutting.Enums", "Poc.TextProcessor.CrossCutting.Enums\Poc.TextProcessor.CrossCutting.Enums.csproj", "{A3EBB14D-2607-4F95-9B4A-BA01B72F430B}"
EndProject
Project("{9A19103F-16F7-4668-BE54-9A1E7A4F7556}") = "Poc.TextProcessor.ResourceAccess.Mappers.Abstractions", "Poc.TextProcessor.ResourceAccess.Mappers.Abstractions\Poc.TextProcessor.ResourceAccess.Mappers.Abstractions.csproj", "{DCA86F4A-4552-4E48-8BCC-2335DE4F8229}"
EndProject
Global
	GlobalSection(SolutionConfigurationPlatforms) = preSolution
		Debug|Any CPU = Debug|Any CPU
		Release|Any CPU = Release|Any CPU
	EndGlobalSection
	GlobalSection(ProjectConfigurationPlatforms) = postSolution
		{FB4EE79E-C7C8-4372-9D38-DD7E47D8C291}.Debug|Any CPU.ActiveCfg = Debug|Any CPU
		{FB4EE79E-C7C8-4372-9D38-DD7E47D8C291}.Debug|Any CPU.Build.0 = Debug|Any CPU
		{FB4EE79E-C7C8-4372-9D38-DD7E47D8C291}.Release|Any CPU.ActiveCfg = Release|Any CPU
		{FB4EE79E-C7C8-4372-9D38-DD7E47D8C291}.Release|Any CPU.Build.0 = Release|Any CPU
		{EF849E20-8B99-4C21-8519-4620D2CC8903}.Debug|Any CPU.ActiveCfg = Debug|Any CPU
		{EF849E20-8B99-4C21-8519-4620D2CC8903}.Debug|Any CPU.Build.0 = Debug|Any CPU
		{EF849E20-8B99-4C21-8519-4620D2CC8903}.Release|Any CPU.ActiveCfg = Release|Any CPU
		{EF849E20-8B99-4C21-8519-4620D2CC8903}.Release|Any CPU.Build.0 = Release|Any CPU
		{06A46EF7-E99F-4802-8D25-7F631B14E099}.Debug|Any CPU.ActiveCfg = Debug|Any CPU
		{06A46EF7-E99F-4802-8D25-7F631B14E099}.Debug|Any CPU.Build.0 = Debug|Any CPU
		{06A46EF7-E99F-4802-8D25-7F631B14E099}.Release|Any CPU.ActiveCfg = Release|Any CPU
		{06A46EF7-E99F-4802-8D25-7F631B14E099}.Release|Any CPU.Build.0 = Release|Any CPU
		{6F3A21C6-A6CF-442E-90D7-832AD17C9717}.Debug|Any CPU.ActiveCfg = Debug|Any CPU
		{6F3A21C6-A6CF-442E-90D7-832AD17C9717}.Debug|Any CPU.Build.0 = Debug|Any CPU
		{6F3A21C6-A6CF-442E-90D7-832AD17C9717}.Release|Any CPU.ActiveCfg = Release|Any CPU
		{6F3A21C6-A6CF-442E-90D7-832AD17C9717}.Release|Any CPU.Build.0 = Release|Any CPU
		{13C250FF-456D-41FC-9E95-8EAB74B4C552}.Debug|Any CPU.ActiveCfg = Debug|Any CPU
		{13C250FF-456D-41FC-9E95-8EAB74B4C552}.Debug|Any CPU.Build.0 = Debug|Any CPU
		{13C250FF-456D-41FC-9E95-8EAB74B4C552}.Release|Any CPU.ActiveCfg = Release|Any CPU
		{13C250FF-456D-41FC-9E95-8EAB74B4C552}.Release|Any CPU.Build.0 = Release|Any CPU
		{1D0FCDC6-5653-49BC-95F3-B06E1FAFB225}.Debug|Any CPU.ActiveCfg = Debug|Any CPU
		{1D0FCDC6-5653-49BC-95F3-B06E1FAFB225}.Debug|Any CPU.Build.0 = Debug|Any CPU
		{1D0FCDC6-5653-49BC-95F3-B06E1FAFB225}.Release|Any CPU.ActiveCfg = Release|Any CPU
		{1D0FCDC6-5653-49BC-95F3-B06E1FAFB225}.Release|Any CPU.Build.0 = Release|Any CPU
		{2DEE00A2-B700-4540-B04C-436891E546BA}.Debug|Any CPU.ActiveCfg = Debug|Any CPU
		{2DEE00A2-B700-4540-B04C-436891E546BA}.Debug|Any CPU.Build.0 = Debug|Any CPU
		{2DEE00A2-B700-4540-B04C-436891E546BA}.Release|Any CPU.ActiveCfg = Release|Any CPU
		{2DEE00A2-B700-4540-B04C-436891E546BA}.Release|Any CPU.Build.0 = Release|Any CPU
		{B0886F4A-FADB-40BC-B4D1-B69040ED4F9C}.Debug|Any CPU.ActiveCfg = Debug|Any CPU
		{B0886F4A-FADB-40BC-B4D1-B69040ED4F9C}.Debug|Any CPU.Build.0 = Debug|Any CPU
		{B0886F4A-FADB-40BC-B4D1-B69040ED4F9C}.Release|Any CPU.ActiveCfg = Release|Any CPU
		{B0886F4A-FADB-40BC-B4D1-B69040ED4F9C}.Release|Any CPU.Build.0 = Release|Any CPU
		{B98DA1BA-1D5D-4C4B-87B7-C909377778E8}.Debug|Any CPU.ActiveCfg = Debug|Any CPU
		{B98DA1BA-1D5D-4C4B-87B7-C909377778E8}.Debug|Any CPU.Build.0 = Debug|Any CPU
		{B98DA1BA-1D5D-4C4B-87B7-C909377778E8}.Release|Any CPU.ActiveCfg = Release|Any CPU
		{B98DA1BA-1D5D-4C4B-87B7-C909377778E8}.Release|Any CPU.Build.0 = Release|Any CPU
		{8DB81018-2F3B-48CD-8021-44B10EB81ABF}.Debug|Any CPU.ActiveCfg = Debug|Any CPU
		{8DB81018-2F3B-48CD-8021-44B10EB81ABF}.Debug|Any CPU.Build.0 = Debug|Any CPU
		{8DB81018-2F3B-48CD-8021-44B10EB81ABF}.Release|Any CPU.ActiveCfg = Release|Any CPU
		{8DB81018-2F3B-48CD-8021-44B10EB81ABF}.Release|Any CPU.Build.0 = Release|Any CPU
		{99EBB0AC-A45E-4699-AD11-EDBF71A1C1C5}.Debug|Any CPU.ActiveCfg = Debug|Any CPU
		{99EBB0AC-A45E-4699-AD11-EDBF71A1C1C5}.Debug|Any CPU.Build.0 = Debug|Any CPU
		{99EBB0AC-A45E-4699-AD11-EDBF71A1C1C5}.Release|Any CPU.ActiveCfg = Release|Any CPU
		{99EBB0AC-A45E-4699-AD11-EDBF71A1C1C5}.Release|Any CPU.Build.0 = Release|Any CPU
		{255AABA0-737C-4BA6-87CC-6B20D3EB09EC}.Debug|Any CPU.ActiveCfg = Debug|Any CPU
		{255AABA0-737C-4BA6-87CC-6B20D3EB09EC}.Debug|Any CPU.Build.0 = Debug|Any CPU
		{255AABA0-737C-4BA6-87CC-6B20D3EB09EC}.Release|Any CPU.ActiveCfg = Release|Any CPU
		{255AABA0-737C-4BA6-87CC-6B20D3EB09EC}.Release|Any CPU.Build.0 = Release|Any CPU
		{1E57EB96-688E-4A96-ADF8-D1C2E4E45DDA}.Debug|Any CPU.ActiveCfg = Debug|Any CPU
		{1E57EB96-688E-4A96-ADF8-D1C2E4E45DDA}.Debug|Any CPU.Build.0 = Debug|Any CPU
		{1E57EB96-688E-4A96-ADF8-D1C2E4E45DDA}.Release|Any CPU.ActiveCfg = Release|Any CPU
		{1E57EB96-688E-4A96-ADF8-D1C2E4E45DDA}.Release|Any CPU.Build.0 = Release|Any CPU
		{02DF0C13-549A-43D6-ACAD-E02CF6E0B074}.Debug|Any CPU.ActiveCfg = Debug|Any CPU
		{02DF0C13-549A-43D6-ACAD-E02CF6E0B074}.Debug|Any CPU.Build.0 = Debug|Any CPU
		{02DF0C13-549A-43D6-ACAD-E02CF6E0B074}.Release|Any CPU.ActiveCfg = Release|Any CPU
		{02DF0C13-549A-43D6-ACAD-E02CF6E0B074}.Release|Any CPU.Build.0 = Release|Any CPU
		{C87E1D23-6AC2-4B0B-A3FE-1FA7CD4F79FB}.Debug|Any CPU.ActiveCfg = Debug|Any CPU
		{C87E1D23-6AC2-4B0B-A3FE-1FA7CD4F79FB}.Debug|Any CPU.Build.0 = Debug|Any CPU
		{C87E1D23-6AC2-4B0B-A3FE-1FA7CD4F79FB}.Release|Any CPU.ActiveCfg = Release|Any CPU
		{C87E1D23-6AC2-4B0B-A3FE-1FA7CD4F79FB}.Release|Any CPU.Build.0 = Release|Any CPU
		{26D4472E-5642-42E0-8C23-FC4FF3A7C23B}.Debug|Any CPU.ActiveCfg = Debug|Any CPU
		{26D4472E-5642-42E0-8C23-FC4FF3A7C23B}.Debug|Any CPU.Build.0 = Debug|Any CPU
		{26D4472E-5642-42E0-8C23-FC4FF3A7C23B}.Release|Any CPU.ActiveCfg = Release|Any CPU
		{26D4472E-5642-42E0-8C23-FC4FF3A7C23B}.Release|Any CPU.Build.0 = Release|Any CPU
		{A3EBB14D-2607-4F95-9B4A-BA01B72F430B}.Debug|Any CPU.ActiveCfg = Debug|Any CPU
		{A3EBB14D-2607-4F95-9B4A-BA01B72F430B}.Debug|Any CPU.Build.0 = Debug|Any CPU
		{A3EBB14D-2607-4F95-9B4A-BA01B72F430B}.Release|Any CPU.ActiveCfg = Release|Any CPU
		{A3EBB14D-2607-4F95-9B4A-BA01B72F430B}.Release|Any CPU.Build.0 = Release|Any CPU
		{DCA86F4A-4552-4E48-8BCC-2335DE4F8229}.Debug|Any CPU.ActiveCfg = Debug|Any CPU
		{DCA86F4A-4552-4E48-8BCC-2335DE4F8229}.Debug|Any CPU.Build.0 = Debug|Any CPU
		{DCA86F4A-4552-4E48-8BCC-2335DE4F8229}.Release|Any CPU.ActiveCfg = Release|Any CPU
		{DCA86F4A-4552-4E48-8BCC-2335DE4F8229}.Release|Any CPU.Build.0 = Release|Any CPU
	EndGlobalSection
	GlobalSection(SolutionProperties) = preSolution
		HideSolutionNode = FALSE
	EndGlobalSection
	GlobalSection(NestedProjects) = preSolution
		{FB4EE79E-C7C8-4372-9D38-DD7E47D8C291} = {3A72384A-B1B1-4558-9551-3EB30BADB2A8}
		{EF849E20-8B99-4C21-8519-4620D2CC8903} = {528E1E2F-FA47-43FE-9BF6-F36E21DA08D2}
		{06A46EF7-E99F-4802-8D25-7F631B14E099} = {100959D1-B919-4CD9-9C0F-35F1A03C0CE1}
		{6F3A21C6-A6CF-442E-90D7-832AD17C9717} = {100959D1-B919-4CD9-9C0F-35F1A03C0CE1}
		{13C250FF-456D-41FC-9E95-8EAB74B4C552} = {100959D1-B919-4CD9-9C0F-35F1A03C0CE1}
		{1D0FCDC6-5653-49BC-95F3-B06E1FAFB225} = {528E1E2F-FA47-43FE-9BF6-F36E21DA08D2}
		{2DEE00A2-B700-4540-B04C-436891E546BA} = {528E1E2F-FA47-43FE-9BF6-F36E21DA08D2}
		{B0886F4A-FADB-40BC-B4D1-B69040ED4F9C} = {528E1E2F-FA47-43FE-9BF6-F36E21DA08D2}
		{B98DA1BA-1D5D-4C4B-87B7-C909377778E8} = {880228AF-746C-4478-B720-16DD5209FD08}
		{8DB81018-2F3B-48CD-8021-44B10EB81ABF} = {880228AF-746C-4478-B720-16DD5209FD08}
		{99EBB0AC-A45E-4699-AD11-EDBF71A1C1C5} = {880228AF-746C-4478-B720-16DD5209FD08}
		{255AABA0-737C-4BA6-87CC-6B20D3EB09EC} = {3A72384A-B1B1-4558-9551-3EB30BADB2A8}
		{1E57EB96-688E-4A96-ADF8-D1C2E4E45DDA} = {28485212-8909-46BB-80E8-466679C44883}
		{02DF0C13-549A-43D6-ACAD-E02CF6E0B074} = {28485212-8909-46BB-80E8-466679C44883}
		{C87E1D23-6AC2-4B0B-A3FE-1FA7CD4F79FB} = {528E1E2F-FA47-43FE-9BF6-F36E21DA08D2}
		{26D4472E-5642-42E0-8C23-FC4FF3A7C23B} = {528E1E2F-FA47-43FE-9BF6-F36E21DA08D2}
		{A3EBB14D-2607-4F95-9B4A-BA01B72F430B} = {880228AF-746C-4478-B720-16DD5209FD08}
		{DCA86F4A-4552-4E48-8BCC-2335DE4F8229} = {528E1E2F-FA47-43FE-9BF6-F36E21DA08D2}
	EndGlobalSection
	GlobalSection(ExtensibilityGlobals) = postSolution
		SolutionGuid = {6428E0B3-C383-433F-B410-3BA3B450824E}
	EndGlobalSection
EndGlobal
